
Microsoft Visual Studio Solution File, Format Version 12.00
# Visual Studio 15
VisualStudioVersion = 15.0.27428.2002
MinimumVisualStudioVersion = 10.0.40219.1
Project("{FAE04EC0-301F-11D3-BF4B-00C04F79EFBC}") = "BankDB", "BankDB\BankDB.csproj", "{29665038-95F5-412A-8EE9-8E020DE835DE}"
EndProject
Global
	GlobalSection(SolutionConfigurationPlatforms) = preSolution
		Debug|Any CPU = Debug|Any CPU
		Release|Any CPU = Release|Any CPU
	EndGlobalSection
	GlobalSection(ProjectConfigurationPlatforms) = postSolution
		{29665038-95F5-412A-8EE9-8E020DE835DE}.Debug|Any CPU.ActiveCfg = Debug|Any CPU
		{29665038-95F5-412A-8EE9-8E020DE835DE}.Debug|Any CPU.Build.0 = Debug|Any CPU
		{29665038-95F5-412A-8EE9-8E020DE835DE}.Release|Any CPU.ActiveCfg = Release|Any CPU
		{29665038-95F5-412A-8EE9-8E020DE835DE}.Release|Any CPU.Build.0 = Release|Any CPU
	EndGlobalSection
	GlobalSection(SolutionProperties) = preSolution
		HideSolutionNode = FALSE
	EndGlobalSection
	GlobalSection(ExtensibilityGlobals) = postSolution
		SolutionGuid = {5317250A-87C3-413C-B347-4E54A6A6C1B4}
	EndGlobalSection
EndGlobal
