
Microsoft Visual Studio Solution File, Format Version 12.00
# Visual Studio 15
VisualStudioVersion = 15.0.27428.2002
MinimumVisualStudioVersion = 10.0.40219.1
Project("{FAE04EC0-301F-11D3-BF4B-00C04F79EFBC}") = "PersonDb", "PersonDb\PersonDb.csproj", "{DB50BE21-81D3-4169-85FE-70448806F4B3}"
EndProject
Global
	GlobalSection(SolutionConfigurationPlatforms) = preSolution
		Debug|Any CPU = Debug|Any CPU
		Release|Any CPU = Release|Any CPU
	EndGlobalSection
	GlobalSection(ProjectConfigurationPlatforms) = postSolution
		{DB50BE21-81D3-4169-85FE-70448806F4B3}.Debug|Any CPU.ActiveCfg = Debug|Any CPU
		{DB50BE21-81D3-4169-85FE-70448806F4B3}.Debug|Any CPU.Build.0 = Debug|Any CPU
		{DB50BE21-81D3-4169-85FE-70448806F4B3}.Release|Any CPU.ActiveCfg = Release|Any CPU
		{DB50BE21-81D3-4169-85FE-70448806F4B3}.Release|Any CPU.Build.0 = Release|Any CPU
	EndGlobalSection
	GlobalSection(SolutionProperties) = preSolution
		HideSolutionNode = FALSE
	EndGlobalSection
	GlobalSection(ExtensibilityGlobals) = postSolution
		SolutionGuid = {B15BB4D8-F437-466E-9240-FD39470064B6}
	EndGlobalSection
EndGlobal
